// !$*UTF8*$!
{
	archiveVersion = 1;
	classes = {
	};
	objectVersion = 50;
	objects = {

/* Begin PBXBuildFile section */
		C7052D2A22D5639000ED10AE /* AppDelegate.swift in Sources */ = {isa = PBXBuildFile; fileRef = C7052D2922D5639000ED10AE /* AppDelegate.swift */; };
		C7052D2C22D5639000ED10AE /* ViewController.swift in Sources */ = {isa = PBXBuildFile; fileRef = C7052D2B22D5639000ED10AE /* ViewController.swift */; };
		C7052D2F22D5639000ED10AE /* Main.storyboard in Resources */ = {isa = PBXBuildFile; fileRef = C7052D2D22D5639000ED10AE /* Main.storyboard */; };
		C7052D3122D5639100ED10AE /* Assets.xcassets in Resources */ = {isa = PBXBuildFile; fileRef = C7052D3022D5639100ED10AE /* Assets.xcassets */; };
		C7052D3422D5639100ED10AE /* LaunchScreen.storyboard in Resources */ = {isa = PBXBuildFile; fileRef = C7052D3222D5639100ED10AE /* LaunchScreen.storyboard */; };
		C7052D3E22D5F92600ED10AE /* SignInViewController.swift in Sources */ = {isa = PBXBuildFile; fileRef = C7052D3D22D5F92600ED10AE /* SignInViewController.swift */; };
		C7052D4022D5F98300ED10AE /* HomeViewController.swift in Sources */ = {isa = PBXBuildFile; fileRef = C7052D3F22D5F98300ED10AE /* HomeViewController.swift */; };
/* End PBXBuildFile section */

/* Begin PBXFileReference section */
		C7052D2622D5639000ED10AE /* roomy.app */ = {isa = PBXFileReference; explicitFileType = wrapper.application; includeInIndex = 0; path = roomy.app; sourceTree = BUILT_PRODUCTS_DIR; };
		C7052D2922D5639000ED10AE /* AppDelegate.swift */ = {isa = PBXFileReference; lastKnownFileType = sourcecode.swift; path = AppDelegate.swift; sourceTree = "<group>"; };
		C7052D2B22D5639000ED10AE /* ViewController.swift */ = {isa = PBXFileReference; lastKnownFileType = sourcecode.swift; path = ViewController.swift; sourceTree = "<group>"; };
		C7052D2E22D5639000ED10AE /* Base */ = {isa = PBXFileReference; lastKnownFileType = file.storyboard; name = Base; path = Base.lproj/Main.storyboard; sourceTree = "<group>"; };
		C7052D3022D5639100ED10AE /* Assets.xcassets */ = {isa = PBXFileReference; lastKnownFileType = folder.assetcatalog; path = Assets.xcassets; sourceTree = "<group>"; };
		C7052D3322D5639100ED10AE /* Base */ = {isa = PBXFileReference; lastKnownFileType = file.storyboard; name = Base; path = Base.lproj/LaunchScreen.storyboard; sourceTree = "<group>"; };
		C7052D3522D5639100ED10AE /* Info.plist */ = {isa = PBXFileReference; lastKnownFileType = text.plist.xml; path = Info.plist; sourceTree = "<group>"; };
		C7052D3D22D5F92600ED10AE /* SignInViewController.swift */ = {isa = PBXFileReference; lastKnownFileType = sourcecode.swift; name = SignInViewController.swift; path = ../SignInViewController.swift; sourceTree = "<group>"; };
		C7052D3F22D5F98300ED10AE /* HomeViewController.swift */ = {isa = PBXFileReference; lastKnownFileType = sourcecode.swift; path = HomeViewController.swift; sourceTree = "<group>"; };
/* End PBXFileReference section */

/* Begin PBXFrameworksBuildPhase section */
		C7052D2322D5639000ED10AE /* Frameworks */ = {
			isa = PBXFrameworksBuildPhase;
			buildActionMask = 2147483647;
			files = (
			);
			runOnlyForDeploymentPostprocessing = 0;
		};
/* End PBXFrameworksBuildPhase section */

/* Begin PBXGroup section */
		C7052D1D22D5639000ED10AE = {
			isa = PBXGroup;
			children = (
				C7052D2822D5639000ED10AE /* roomy */,
				C7052D2722D5639000ED10AE /* Products */,
			);
			sourceTree = "<group>";
		};
		C7052D2722D5639000ED10AE /* Products */ = {
			isa = PBXGroup;
			children = (
				C7052D2622D5639000ED10AE /* roomy.app */,
			);
			name = Products;
			sourceTree = "<group>";
		};
		C7052D2822D5639000ED10AE /* roomy */ = {
			isa = PBXGroup;
			children = (
				C7052D2922D5639000ED10AE /* AppDelegate.swift */,
				C7052D3D22D5F92600ED10AE /* SignInViewController.swift */,
				C7052D2B22D5639000ED10AE /* ViewController.swift */,
				C7052D2D22D5639000ED10AE /* Main.storyboard */,
				C7052D3F22D5F98300ED10AE /* HomeViewController.swift */,
				C7052D3022D5639100ED10AE /* Assets.xcassets */,
				C7052D3222D5639100ED10AE /* LaunchScreen.storyboard */,
				C7052D3522D5639100ED10AE /* Info.plist */,
			);
			path = roomy;
			sourceTree = "<group>";
		};
/* End PBXGroup section */

/* Begin PBXNativeTarget section */
		C7052D2522D5639000ED10AE /* roomy */ = {
			isa = PBXNativeTarget;
			buildConfigurationList = C7052D3822D5639100ED10AE /* Build configuration list for PBXNativeTarget "roomy" */;
			buildPhases = (
				C7052D2222D5639000ED10AE /* Sources */,
				C7052D2322D5639000ED10AE /* Frameworks */,
				C7052D2422D5639000ED10AE /* Resources */,
			);
			buildRules = (
			);
			dependencies = (
			);
			name = roomy;
			productName = roomy;
			productReference = C7052D2622D5639000ED10AE /* roomy.app */;
			productType = "com.apple.product-type.application";
		};
/* End PBXNativeTarget section */

/* Begin PBXProject section */
		C7052D1E22D5639000ED10AE /* Project object */ = {
			isa = PBXProject;
			attributes = {
				LastSwiftUpdateCheck = 1020;
				LastUpgradeCheck = 1020;
				ORGANIZATIONNAME = "Mohamed Elbassiouny";
				TargetAttributes = {
					C7052D2522D5639000ED10AE = {
						CreatedOnToolsVersion = 10.2.1;
					};
				};
			};
			buildConfigurationList = C7052D2122D5639000ED10AE /* Build configuration list for PBXProject "roomy" */;
			compatibilityVersion = "Xcode 9.3";
			developmentRegion = en;
			hasScannedForEncodings = 0;
			knownRegions = (
				en,
				Base,
			);
			mainGroup = C7052D1D22D5639000ED10AE;
			productRefGroup = C7052D2722D5639000ED10AE /* Products */;
			projectDirPath = "";
			projectRoot = "";
			targets = (
				C7052D2522D5639000ED10AE /* roomy */,
			);
		};
/* End PBXProject section */

/* Begin PBXResourcesBuildPhase section */
		C7052D2422D5639000ED10AE /* Resources */ = {
			isa = PBXResourcesBuildPhase;
			buildActionMask = 2147483647;
			files = (
				C7052D3422D5639100ED10AE /* LaunchScreen.storyboard in Resources */,
				C7052D3122D5639100ED10AE /* Assets.xcassets in Resources */,
				C7052D2F22D5639000ED10AE /* Main.storyboard in Resources */,
			);
			runOnlyForDeploymentPostprocessing = 0;
		};
/* End PBXResourcesBuildPhase section */

/* Begin PBXSourcesBuildPhase section */
		C7052D2222D5639000ED10AE /* Sources */ = {
			isa = PBXSourcesBuildPhase;
			buildActionMask = 2147483647;
			files = (
				C7052D2C22D5639000ED10AE /* ViewController.swift in Sources */,
				C7052D2A22D5639000ED10AE /* AppDelegate.swift in Sources */,
				C7052D3E22D5F92600ED10AE /* SignInViewController.swift in Sources */,
				C7052D4022D5F98300ED10AE /* HomeViewController.swift in Sources */,
			);
			runOnlyForDeploymentPostprocessing = 0;
		};
/* End PBXSourcesBuildPhase section */

/* Begin PBXVariantGroup section */
		C7052D2D22D5639000ED10AE /* Main.storyboard */ = {
			isa = PBXVariantGroup;
			children = (
				C7052D2E22D5639000ED10AE /* Base */,
			);
			name = Main.storyboard;
			sourceTree = "<group>";
		};
		C7052D3222D5639100ED10AE /* LaunchScreen.storyboard */ = {
			isa = PBXVariantGroup;
			children = (
				C7052D3322D5639100ED10AE /* Base */,
			);
			name = LaunchScreen.storyboard;
			sourceTree = "<group>";
		};
/* End PBXVariantGroup section */

/* Begin XCBuildConfiguration section */
		C7052D3622D5639100ED10AE /* Debug */ = {
			isa = XCBuildConfiguration;
			buildSettings = {
				ALWAYS_SEARCH_USER_PATHS = NO;
				CLANG_ANALYZER_NONNULL = YES;
				CLANG_ANALYZER_NUMBER_OBJECT_CONVERSION = YES_AGGRESSIVE;
				CLANG_CXX_LANGUAGE_STANDARD = "gnu++14";
				CLANG_CXX_LIBRARY = "libc++";
				CLANG_ENABLE_MODULES = YES;
				CLANG_ENABLE_OBJC_ARC = YES;
				CLANG_ENABLE_OBJC_WEAK = YES;
				CLANG_WARN_BLOCK_CAPTURE_AUTORELEASING = YES;
				CLANG_WARN_BOOL_CONVERSION = YES;
				CLANG_WARN_COMMA = YES;
				CLANG_WARN_CONSTANT_CONVERSION = YES;
				CLANG_WARN_DEPRECATED_OBJC_IMPLEMENTATIONS = YES;
				CLANG_WARN_DIRECT_OBJC_ISA_USAGE = YES_ERROR;
				CLANG_WARN_DOCUMENTATION_COMMENTS = YES;
				CLANG_WARN_EMPTY_BODY = YES;
				CLANG_WARN_ENUM_CONVERSION = YES;
				CLANG_WARN_INFINITE_RECURSION = YES;
				CLANG_WARN_INT_CONVERSION = YES;
				CLANG_WARN_NON_LITERAL_NULL_CONVERSION = YES;
				CLANG_WARN_OBJC_IMPLICIT_RETAIN_SELF = YES;
				CLANG_WARN_OBJC_LITERAL_CONVERSION = YES;
				CLANG_WARN_OBJC_ROOT_CLASS = YES_ERROR;
				CLANG_WARN_RANGE_LOOP_ANALYSIS = YES;
				CLANG_WARN_STRICT_PROTOTYPES = YES;
				CLANG_WARN_SUSPICIOUS_MOVE = YES;
				CLANG_WARN_UNGUARDED_AVAILABILITY = YES_AGGRESSIVE;
				CLANG_WARN_UNREACHABLE_CODE = YES;
				CLANG_WARN__DUPLICATE_METHOD_MATCH = YES;
				CODE_SIGN_IDENTITY = "iPhone Developer";
				COPY_PHASE_STRIP = NO;
				DEBUG_INFORMATION_FORMAT = dwarf;
				ENABLE_STRICT_OBJC_MSGSEND = YES;
				ENABLE_TESTABILITY = YES;
				GCC_C_LANGUAGE_STANDARD = gnu11;
				GCC_DYNAMIC_NO_PIC = NO;
				GCC_NO_COMMON_BLOCKS = YES;
				GCC_OPTIMIZATION_LEVEL = 0;
				GCC_PREPROCESSOR_DEFINITIONS = (
					"DEBUG=1",
					"$(inherited)",
				);
				GCC_WARN_64_TO_32_BIT_CONVERSION = YES;
				GCC_WARN_ABOUT_RETURN_TYPE = YES_ERROR;
				GCC_WARN_UNDECLARED_SELECTOR = YES;
				GCC_WARN_UNINITIALIZED_AUTOS = YES_AGGRESSIVE;
				GCC_WARN_UNUSED_FUNCTION = YES;
				GCC_WARN_UNUSED_VARIABLE = YES;
				IPHONEOS_DEPLOYMENT_TARGET = 12.2;
				MTL_ENABLE_DEBUG_INFO = INCLUDE_SOURCE;
				MTL_FAST_MATH = YES;
				ONLY_ACTIVE_ARCH = YES;
				SDKROOT = iphoneos;
				SWIFT_ACTIVE_COMPILATION_CONDITIONS = DEBUG;
				SWIFT_OPTIMIZATION_LEVEL = "-Onone";
			};
			name = Debug;
		};
		C7052D3722D5639100ED10AE /* Release */ = {
			isa = XCBuildConfiguration;
			buildSettings = {
				ALWAYS_SEARCH_USER_PATHS = NO;
				CLANG_ANALYZER_NONNULL = YES;
				CLANG_ANALYZER_NUMBER_OBJECT_CONVERSION = YES_AGGRESSIVE;
				CLANG_CXX_LANGUAGE_STANDARD = "gnu++14";
				CLANG_CXX_LIBRARY = "libc++";
				CLANG_ENABLE_MODULES = YES;
				CLANG_ENABLE_OBJC_ARC = YES;
				CLANG_ENABLE_OBJC_WEAK = YES;
				CLANG_WARN_BLOCK_CAPTURE_AUTORELEASING = YES;
				CLANG_WARN_BOOL_CONVERSION = YES;
				CLANG_WARN_COMMA = YES;
				CLANG_WARN_CONSTANT_CONVERSION = YES;
				CLANG_WARN_DEPRECATED_OBJC_IMPLEMENTATIONS = YES;
				CLANG_WARN_DIRECT_OBJC_ISA_USAGE = YES_ERROR;
				CLANG_WARN_DOCUMENTATION_COMMENTS = YES;
				CLANG_WARN_EMPTY_BODY = YES;
				CLANG_WARN_ENUM_CONVERSION = YES;
				CLANG_WARN_INFINITE_RECURSION = YES;
				CLANG_WARN_INT_CONVERSION = YES;
				CLANG_WARN_NON_LITERAL_NULL_CONVERSION = YES;
				CLANG_WARN_OBJC_IMPLICIT_RETAIN_SELF = YES;
				CLANG_WARN_OBJC_LITERAL_CONVERSION = YES;
				CLANG_WARN_OBJC_ROOT_CLASS = YES_ERROR;
				CLANG_WARN_RANGE_LOOP_ANALYSIS = YES;
				CLANG_WARN_STRICT_PROTOTYPES = YES;
				CLANG_WARN_SUSPICIOUS_MOVE = YES;
				CLANG_WARN_UNGUARDED_AVAILABILITY = YES_AGGRESSIVE;
				CLANG_WARN_UNREACHABLE_CODE = YES;
				CLANG_WARN__DUPLICATE_METHOD_MATCH = YES;
				CODE_SIGN_IDENTITY = "iPhone Developer";
				COPY_PHASE_STRIP = NO;
				DEBUG_INFORMATION_FORMAT = "dwarf-with-dsym";
				ENABLE_NS_ASSERTIONS = NO;
				ENABLE_STRICT_OBJC_MSGSEND = YES;
				GCC_C_LANGUAGE_STANDARD = gnu11;
				GCC_NO_COMMON_BLOCKS = YES;
				GCC_WARN_64_TO_32_BIT_CONVERSION = YES;
				GCC_WARN_ABOUT_RETURN_TYPE = YES_ERROR;
				GCC_WARN_UNDECLARED_SELECTOR = YES;
				GCC_WARN_UNINITIALIZED_AUTOS = YES_AGGRESSIVE;
				GCC_WARN_UNUSED_FUNCTION = YES;
				GCC_WARN_UNUSED_VARIABLE = YES;
				IPHONEOS_DEPLOYMENT_TARGET = 12.2;
				MTL_ENABLE_DEBUG_INFO = NO;
				MTL_FAST_MATH = YES;
				SDKROOT = iphoneos;
				SWIFT_COMPILATION_MODE = wholemodule;
				SWIFT_OPTIMIZATION_LEVEL = "-O";
				VALIDATE_PRODUCT = YES;
			};
			name = Release;
		};
		C7052D3922D5639100ED10AE /* Debug */ = {
			isa = XCBuildConfiguration;
			buildSettings = {
				ASSETCATALOG_COMPILER_APPICON_NAME = AppIcon;
				CODE_SIGN_STYLE = Automatic;
				DEVELOPMENT_TEAM = 4CZ6C6629N;
				INFOPLIST_FILE = roomy/Info.plist;
				LD_RUNPATH_SEARCH_PATHS = (
					"$(inherited)",
					"@executable_path/Frameworks",
				);
				PRODUCT_BUNDLE_IDENTIFIER = n.roomy;
				PRODUCT_NAME = "$(TARGET_NAME)";
				SWIFT_VERSION = 5.0;
				TARGETED_DEVICE_FAMILY = "1,2";
			};
			name = Debug;
		};
		C7052D3A22D5639100ED10AE /* Release */ = {
			isa = XCBuildConfiguration;
			buildSettings = {
				ASSETCATALOG_COMPILER_APPICON_NAME = AppIcon;
				CODE_SIGN_STYLE = Automatic;
				DEVELOPMENT_TEAM = 4CZ6C6629N;
				INFOPLIST_FILE = roomy/Info.plist;
				LD_RUNPATH_SEARCH_PATHS = (
					"$(inherited)",
					"@executable_path/Frameworks",
				);
				PRODUCT_BUNDLE_IDENTIFIER = n.roomy;
				PRODUCT_NAME = "$(TARGET_NAME)";
				SWIFT_VERSION = 5.0;
				TARGETED_DEVICE_FAMILY = "1,2";
			};
			name = Release;
		};
/* End XCBuildConfiguration section */

/* Begin XCConfigurationList section */
		C7052D2122D5639000ED10AE /* Build configuration list for PBXProject "roomy" */ = {
			isa = XCConfigurationList;
			buildConfigurations = (
				C7052D3622D5639100ED10AE /* Debug */,
				C7052D3722D5639100ED10AE /* Release */,
			);
			defaultConfigurationIsVisible = 0;
			defaultConfigurationName = Release;
		};
		C7052D3822D5639100ED10AE /* Build configuration list for PBXNativeTarget "roomy" */ = {
			isa = XCConfigurationList;
			buildConfigurations = (
				C7052D3922D5639100ED10AE /* Debug */,
				C7052D3A22D5639100ED10AE /* Release */,
			);
			defaultConfigurationIsVisible = 0;
			defaultConfigurationName = Release;
		};
/* End XCConfigurationList section */
	};
	rootObject = C7052D1E22D5639000ED10AE /* Project object */;
}
