// !$*UTF8*$!
{
	archiveVersion = 1;
	classes = {
	};
	objectVersion = 51;
	objects = {

/* Begin PBXBuildFile section */
		6CC775DB80FAC268DFEFC001 /* Pods_roomy.framework in Frameworks */ = {isa = PBXBuildFile; fileRef = EFE94E294638FDD367C3CE5B /* Pods_roomy.framework */; };
		C7052D2A22D5639000ED10AE /* AppDelegate.swift in Sources */ = {isa = PBXBuildFile; fileRef = C7052D2922D5639000ED10AE /* AppDelegate.swift */; };
		C7052D2C22D5639000ED10AE /* ViewController.swift in Sources */ = {isa = PBXBuildFile; fileRef = C7052D2B22D5639000ED10AE /* ViewController.swift */; };
		C7052D2F22D5639000ED10AE /* Main.storyboard in Resources */ = {isa = PBXBuildFile; fileRef = C7052D2D22D5639000ED10AE /* Main.storyboard */; };
		C7052D3422D5639100ED10AE /* LaunchScreen.storyboard in Resources */ = {isa = PBXBuildFile; fileRef = C7052D3222D5639100ED10AE /* LaunchScreen.storyboard */; };
		C7351C9322E22A5500D8D207 /* Default-568h@2x.png in Resources */ = {isa = PBXBuildFile; fileRef = C7351C9222E22A5500D8D207 /* Default-568h@2x.png */; };
		C7351C9922E263F200D8D207 /* LogInViewController.swift in Sources */ = {isa = PBXBuildFile; fileRef = C7351C9822E263F200D8D207 /* LogInViewController.swift */; };
		C7351C9B22E27F7000D8D207 /* NetworkController.swift in Sources */ = {isa = PBXBuildFile; fileRef = C7351C9A22E27F7000D8D207 /* NetworkController.swift */; };
		C7351C9D22E28D0600D8D207 /* Extensions.swift in Sources */ = {isa = PBXBuildFile; fileRef = C7351C9C22E28D0600D8D207 /* Extensions.swift */; };
		C7351CA122E292C800D8D207 /* signUpVC.swift in Sources */ = {isa = PBXBuildFile; fileRef = C7351CA022E292C800D8D207 /* signUpVC.swift */; };
		C79F5CBD22DE132A006CE1EA /* RoomCell.swift in Sources */ = {isa = PBXBuildFile; fileRef = C79F5CBC22DE132A006CE1EA /* RoomCell.swift */; };
		C79F5CBF22DE14E3006CE1EA /* Room.swift in Sources */ = {isa = PBXBuildFile; fileRef = C79F5CBE22DE14E3006CE1EA /* Room.swift */; };
		C79F5CC922DE2627006CE1EA /* Assets.xcassets in Resources */ = {isa = PBXBuildFile; fileRef = C79F5CC822DE2627006CE1EA /* Assets.xcassets */; };
		C79F5CCB22E0E9C1006CE1EA /* listingScreen.swift in Sources */ = {isa = PBXBuildFile; fileRef = C79F5CCA22E0E9C1006CE1EA /* listingScreen.swift */; };
		C7D1A8ED22DE03AD00295E0C /* RoomListScreen.swift in Sources */ = {isa = PBXBuildFile; fileRef = C7D1A8EC22DE03AD00295E0C /* RoomListScreen.swift */; };
/* End PBXBuildFile section */

/* Begin PBXFileReference section */
		233B4AD69637D0AF3E13EA42 /* Pods-roomy.debug.xcconfig */ = {isa = PBXFileReference; includeInIndex = 1; lastKnownFileType = text.xcconfig; name = "Pods-roomy.debug.xcconfig"; path = "Target Support Files/Pods-roomy/Pods-roomy.debug.xcconfig"; sourceTree = "<group>"; };
		C7052D2622D5639000ED10AE /* roomy.app */ = {isa = PBXFileReference; explicitFileType = wrapper.application; includeInIndex = 0; path = roomy.app; sourceTree = BUILT_PRODUCTS_DIR; };
		C7052D2922D5639000ED10AE /* AppDelegate.swift */ = {isa = PBXFileReference; lastKnownFileType = sourcecode.swift; path = AppDelegate.swift; sourceTree = "<group>"; };
		C7052D2B22D5639000ED10AE /* ViewController.swift */ = {isa = PBXFileReference; lastKnownFileType = sourcecode.swift; path = ViewController.swift; sourceTree = "<group>"; };
		C7052D2E22D5639000ED10AE /* Base */ = {isa = PBXFileReference; lastKnownFileType = file.storyboard; name = Base; path = Base.lproj/Main.storyboard; sourceTree = "<group>"; };
		C7052D3322D5639100ED10AE /* Base */ = {isa = PBXFileReference; lastKnownFileType = file.storyboard; name = Base; path = Base.lproj/LaunchScreen.storyboard; sourceTree = "<group>"; };
		C7052D3522D5639100ED10AE /* Info.plist */ = {isa = PBXFileReference; lastKnownFileType = text.plist.xml; name = Info.plist; path = "Supporting Files/Info.plist"; sourceTree = "<group>"; };
		C7351C9222E22A5500D8D207 /* Default-568h@2x.png */ = {isa = PBXFileReference; lastKnownFileType = image.png; path = "Default-568h@2x.png"; sourceTree = "<group>"; };
		C7351C9822E263F200D8D207 /* LogInViewController.swift */ = {isa = PBXFileReference; lastKnownFileType = sourcecode.swift; path = LogInViewController.swift; sourceTree = "<group>"; };
		C7351C9A22E27F7000D8D207 /* NetworkController.swift */ = {isa = PBXFileReference; lastKnownFileType = sourcecode.swift; path = NetworkController.swift; sourceTree = "<group>"; };
		C7351C9C22E28D0600D8D207 /* Extensions.swift */ = {isa = PBXFileReference; lastKnownFileType = sourcecode.swift; path = Extensions.swift; sourceTree = "<group>"; };
		C7351CA022E292C800D8D207 /* signUpVC.swift */ = {isa = PBXFileReference; lastKnownFileType = sourcecode.swift; path = signUpVC.swift; sourceTree = "<group>"; };
		C79F5CBC22DE132A006CE1EA /* RoomCell.swift */ = {isa = PBXFileReference; lastKnownFileType = sourcecode.swift; path = RoomCell.swift; sourceTree = "<group>"; };
		C79F5CBE22DE14E3006CE1EA /* Room.swift */ = {isa = PBXFileReference; lastKnownFileType = sourcecode.swift; path = Room.swift; sourceTree = "<group>"; };
		C79F5CC822DE2627006CE1EA /* Assets.xcassets */ = {isa = PBXFileReference; lastKnownFileType = folder.assetcatalog; path = Assets.xcassets; sourceTree = "<group>"; };
		C79F5CCA22E0E9C1006CE1EA /* listingScreen.swift */ = {isa = PBXFileReference; lastKnownFileType = sourcecode.swift; path = listingScreen.swift; sourceTree = "<group>"; };
		C7D1A8EC22DE03AD00295E0C /* RoomListScreen.swift */ = {isa = PBXFileReference; lastKnownFileType = sourcecode.swift; path = RoomListScreen.swift; sourceTree = "<group>"; };
		E0B7866F159930BBBE0A4C1E /* Pods-roomy.release.xcconfig */ = {isa = PBXFileReference; includeInIndex = 1; lastKnownFileType = text.xcconfig; name = "Pods-roomy.release.xcconfig"; path = "Target Support Files/Pods-roomy/Pods-roomy.release.xcconfig"; sourceTree = "<group>"; };
		EFE94E294638FDD367C3CE5B /* Pods_roomy.framework */ = {isa = PBXFileReference; explicitFileType = wrapper.framework; includeInIndex = 0; path = Pods_roomy.framework; sourceTree = BUILT_PRODUCTS_DIR; };
/* End PBXFileReference section */

/* Begin PBXFrameworksBuildPhase section */
		C7052D2322D5639000ED10AE /* Frameworks */ = {
			isa = PBXFrameworksBuildPhase;
			buildActionMask = 2147483647;
			files = (
				6CC775DB80FAC268DFEFC001 /* Pods_roomy.framework in Frameworks */,
			);
			runOnlyForDeploymentPostprocessing = 0;
		};
/* End PBXFrameworksBuildPhase section */

/* Begin PBXGroup section */
		13B3F5A2D9569373523A6566 /* Pods */ = {
			isa = PBXGroup;
			children = (
				233B4AD69637D0AF3E13EA42 /* Pods-roomy.debug.xcconfig */,
				E0B7866F159930BBBE0A4C1E /* Pods-roomy.release.xcconfig */,
			);
			path = Pods;
			sourceTree = "<group>";
		};
		B9BCBE0F8FAA8832B930C233 /* Frameworks */ = {
			isa = PBXGroup;
			children = (
				EFE94E294638FDD367C3CE5B /* Pods_roomy.framework */,
			);
			name = Frameworks;
			sourceTree = "<group>";
		};
		C7052D1D22D5639000ED10AE = {
			isa = PBXGroup;
			children = (
				C7351C9222E22A5500D8D207 /* Default-568h@2x.png */,
				C7052D2822D5639000ED10AE /* roomy */,
				C7052D2722D5639000ED10AE /* Products */,
				13B3F5A2D9569373523A6566 /* Pods */,
				B9BCBE0F8FAA8832B930C233 /* Frameworks */,
			);
			sourceTree = "<group>";
		};
		C7052D2722D5639000ED10AE /* Products */ = {
			isa = PBXGroup;
			children = (
				C7052D2622D5639000ED10AE /* roomy.app */,
			);
			name = Products;
			sourceTree = "<group>";
		};
		C7052D2822D5639000ED10AE /* roomy */ = {
			isa = PBXGroup;
			children = (
				C7052D3522D5639100ED10AE /* Info.plist */,
				C7052D2922D5639000ED10AE /* AppDelegate.swift */,
				C79F5CCF22E124A6006CE1EA /* Resources */,
				C79F5CCE22E1240B006CE1EA /* Controllers */,
				C79F5CCD22E123F8006CE1EA /* views */,
				C79F5CCC22E123E9006CE1EA /* Model */,
			);
			path = roomy;
			sourceTree = "<group>";
		};
		C79F5CCC22E123E9006CE1EA /* Model */ = {
			isa = PBXGroup;
			children = (
				C79F5CBE22DE14E3006CE1EA /* Room.swift */,
				C7351C9A22E27F7000D8D207 /* NetworkController.swift */,
			);
			path = Model;
			sourceTree = "<group>";
		};
		C79F5CCD22E123F8006CE1EA /* views */ = {
			isa = PBXGroup;
			children = (
				C79F5CBC22DE132A006CE1EA /* RoomCell.swift */,
			);
			path = views;
			sourceTree = "<group>";
		};
		C79F5CCE22E1240B006CE1EA /* Controllers */ = {
			isa = PBXGroup;
			children = (
				C7351C9822E263F200D8D207 /* LogInViewController.swift */,
				C7D1A8EC22DE03AD00295E0C /* RoomListScreen.swift */,
				C7052D2B22D5639000ED10AE /* ViewController.swift */,
				C79F5CCA22E0E9C1006CE1EA /* listingScreen.swift */,
				C7351C9C22E28D0600D8D207 /* Extensions.swift */,
				C7351CA022E292C800D8D207 /* signUpVC.swift */,
			);
			path = Controllers;
			sourceTree = "<group>";
		};
		C79F5CCF22E124A6006CE1EA /* Resources */ = {
			isa = PBXGroup;
			children = (
				C7052D3222D5639100ED10AE /* LaunchScreen.storyboard */,
				C7052D2D22D5639000ED10AE /* Main.storyboard */,
				C79F5CC822DE2627006CE1EA /* Assets.xcassets */,
			);
			path = Resources;
			sourceTree = "<group>";
		};
/* End PBXGroup section */

/* Begin PBXNativeTarget section */
		C7052D2522D5639000ED10AE /* roomy */ = {
			isa = PBXNativeTarget;
			buildConfigurationList = C7052D3822D5639100ED10AE /* Build configuration list for PBXNativeTarget "roomy" */;
			buildPhases = (
				D4A2479B68BD11EB53684AE9 /* [CP] Check Pods Manifest.lock */,
				C7052D2222D5639000ED10AE /* Sources */,
				C7052D2322D5639000ED10AE /* Frameworks */,
				C7052D2422D5639000ED10AE /* Resources */,
				96DCA1E62841C02EB8738D02 /* [CP] Embed Pods Frameworks */,
			);
			buildRules = (
			);
			dependencies = (
			);
			name = roomy;
			productName = roomy;
			productReference = C7052D2622D5639000ED10AE /* roomy.app */;
			productType = "com.apple.product-type.application";
		};
/* End PBXNativeTarget section */

/* Begin PBXProject section */
		C7052D1E22D5639000ED10AE /* Project object */ = {
			isa = PBXProject;
			attributes = {
				LastSwiftUpdateCheck = 1020;
				LastUpgradeCheck = 1020;
				ORGANIZATIONNAME = "Mohamed Elbassiouny";
				TargetAttributes = {
					C7052D2522D5639000ED10AE = {
						CreatedOnToolsVersion = 10.2.1;
					};
				};
			};
			buildConfigurationList = C7052D2122D5639000ED10AE /* Build configuration list for PBXProject "roomy" */;
			compatibilityVersion = "Xcode 9.3";
			developmentRegion = en;
			hasScannedForEncodings = 0;
			knownRegions = (
				en,
				Base,
			);
			mainGroup = C7052D1D22D5639000ED10AE;
			productRefGroup = C7052D2722D5639000ED10AE /* Products */;
			projectDirPath = "";
			projectRoot = "";
			targets = (
				C7052D2522D5639000ED10AE /* roomy */,
			);
		};
/* End PBXProject section */

/* Begin PBXResourcesBuildPhase section */
		C7052D2422D5639000ED10AE /* Resources */ = {
			isa = PBXResourcesBuildPhase;
			buildActionMask = 2147483647;
			files = (
				C7052D3422D5639100ED10AE /* LaunchScreen.storyboard in Resources */,
				C7351C9322E22A5500D8D207 /* Default-568h@2x.png in Resources */,
				C79F5CC922DE2627006CE1EA /* Assets.xcassets in Resources */,
				C7052D2F22D5639000ED10AE /* Main.storyboard in Resources */,
			);
			runOnlyForDeploymentPostprocessing = 0;
		};
/* End PBXResourcesBuildPhase section */

/* Begin PBXShellScriptBuildPhase section */
		96DCA1E62841C02EB8738D02 /* [CP] Embed Pods Frameworks */ = {
			isa = PBXShellScriptBuildPhase;
			buildActionMask = 2147483647;
			files = (
			);
			inputFileListPaths = (
				"${PODS_ROOT}/Target Support Files/Pods-roomy/Pods-roomy-frameworks-${CONFIGURATION}-input-files.xcfilelist",
			);
			name = "[CP] Embed Pods Frameworks";
			outputFileListPaths = (
				"${PODS_ROOT}/Target Support Files/Pods-roomy/Pods-roomy-frameworks-${CONFIGURATION}-output-files.xcfilelist",
			);
			runOnlyForDeploymentPostprocessing = 0;
			shellPath = /bin/sh;
			shellScript = "\"${PODS_ROOT}/Target Support Files/Pods-roomy/Pods-roomy-frameworks.sh\"\n";
			showEnvVarsInLog = 0;
		};
		D4A2479B68BD11EB53684AE9 /* [CP] Check Pods Manifest.lock */ = {
			isa = PBXShellScriptBuildPhase;
			buildActionMask = 2147483647;
			files = (
			);
			inputFileListPaths = (
			);
			inputPaths = (
				"${PODS_PODFILE_DIR_PATH}/Podfile.lock",
				"${PODS_ROOT}/Manifest.lock",
			);
			name = "[CP] Check Pods Manifest.lock";
			outputFileListPaths = (
			);
			outputPaths = (
				"$(DERIVED_FILE_DIR)/Pods-roomy-checkManifestLockResult.txt",
			);
			runOnlyForDeploymentPostprocessing = 0;
			shellPath = /bin/sh;
			shellScript = "diff \"${PODS_PODFILE_DIR_PATH}/Podfile.lock\" \"${PODS_ROOT}/Manifest.lock\" > /dev/null\nif [ $? != 0 ] ; then\n    # print error to STDERR\n    echo \"error: The sandbox is not in sync with the Podfile.lock. Run 'pod install' or update your CocoaPods installation.\" >&2\n    exit 1\nfi\n# This output is used by Xcode 'outputs' to avoid re-running this script phase.\necho \"SUCCESS\" > \"${SCRIPT_OUTPUT_FILE_0}\"\n";
			showEnvVarsInLog = 0;
		};
/* End PBXShellScriptBuildPhase section */

/* Begin PBXSourcesBuildPhase section */
		C7052D2222D5639000ED10AE /* Sources */ = {
			isa = PBXSourcesBuildPhase;
			buildActionMask = 2147483647;
			files = (
				C7D1A8ED22DE03AD00295E0C /* RoomListScreen.swift in Sources */,
				C7052D2C22D5639000ED10AE /* ViewController.swift in Sources */,
				C79F5CBF22DE14E3006CE1EA /* Room.swift in Sources */,
				C7351C9922E263F200D8D207 /* LogInViewController.swift in Sources */,
				C7351C9D22E28D0600D8D207 /* Extensions.swift in Sources */,
				C79F5CCB22E0E9C1006CE1EA /* listingScreen.swift in Sources */,
				C7052D2A22D5639000ED10AE /* AppDelegate.swift in Sources */,
				C79F5CBD22DE132A006CE1EA /* RoomCell.swift in Sources */,
				C7351CA122E292C800D8D207 /* signUpVC.swift in Sources */,
				C7351C9B22E27F7000D8D207 /* NetworkController.swift in Sources */,
			);
			runOnlyForDeploymentPostprocessing = 0;
		};
/* End PBXSourcesBuildPhase section */

/* Begin PBXVariantGroup section */
		C7052D2D22D5639000ED10AE /* Main.storyboard */ = {
			isa = PBXVariantGroup;
			children = (
				C7052D2E22D5639000ED10AE /* Base */,
			);
			name = Main.storyboard;
			sourceTree = "<group>";
		};
		C7052D3222D5639100ED10AE /* LaunchScreen.storyboard */ = {
			isa = PBXVariantGroup;
			children = (
				C7052D3322D5639100ED10AE /* Base */,
			);
			name = LaunchScreen.storyboard;
			sourceTree = "<group>";
		};
/* End PBXVariantGroup section */

/* Begin XCBuildConfiguration section */
		C7052D3622D5639100ED10AE /* Debug */ = {
			isa = XCBuildConfiguration;
			buildSettings = {
				ALWAYS_SEARCH_USER_PATHS = NO;
				CLANG_ANALYZER_NONNULL = YES;
				CLANG_ANALYZER_NUMBER_OBJECT_CONVERSION = YES_AGGRESSIVE;
				CLANG_CXX_LANGUAGE_STANDARD = "gnu++14";
				CLANG_CXX_LIBRARY = "libc++";
				CLANG_ENABLE_MODULES = YES;
				CLANG_ENABLE_OBJC_ARC = YES;
				CLANG_ENABLE_OBJC_WEAK = YES;
				CLANG_WARN_BLOCK_CAPTURE_AUTORELEASING = YES;
				CLANG_WARN_BOOL_CONVERSION = YES;
				CLANG_WARN_COMMA = YES;
				CLANG_WARN_CONSTANT_CONVERSION = YES;
				CLANG_WARN_DEPRECATED_OBJC_IMPLEMENTATIONS = YES;
				CLANG_WARN_DIRECT_OBJC_ISA_USAGE = YES_ERROR;
				CLANG_WARN_DOCUMENTATION_COMMENTS = YES;
				CLANG_WARN_EMPTY_BODY = YES;
				CLANG_WARN_ENUM_CONVERSION = YES;
				CLANG_WARN_INFINITE_RECURSION = YES;
				CLANG_WARN_INT_CONVERSION = YES;
				CLANG_WARN_NON_LITERAL_NULL_CONVERSION = YES;
				CLANG_WARN_OBJC_IMPLICIT_RETAIN_SELF = YES;
				CLANG_WARN_OBJC_LITERAL_CONVERSION = YES;
				CLANG_WARN_OBJC_ROOT_CLASS = YES_ERROR;
				CLANG_WARN_RANGE_LOOP_ANALYSIS = YES;
				CLANG_WARN_STRICT_PROTOTYPES = YES;
				CLANG_WARN_SUSPICIOUS_MOVE = YES;
				CLANG_WARN_UNGUARDED_AVAILABILITY = YES_AGGRESSIVE;
				CLANG_WARN_UNREACHABLE_CODE = YES;
				CLANG_WARN__DUPLICATE_METHOD_MATCH = YES;
				CODE_SIGN_IDENTITY = "iPhone Developer";
				COPY_PHASE_STRIP = NO;
				DEBUG_INFORMATION_FORMAT = dwarf;
				ENABLE_STRICT_OBJC_MSGSEND = YES;
				ENABLE_TESTABILITY = YES;
				GCC_C_LANGUAGE_STANDARD = gnu11;
				GCC_DYNAMIC_NO_PIC = NO;
				GCC_NO_COMMON_BLOCKS = YES;
				GCC_OPTIMIZATION_LEVEL = 0;
				GCC_PREPROCESSOR_DEFINITIONS = (
					"DEBUG=1",
					"$(inherited)",
				);
				GCC_WARN_64_TO_32_BIT_CONVERSION = YES;
				GCC_WARN_ABOUT_RETURN_TYPE = YES_ERROR;
				GCC_WARN_UNDECLARED_SELECTOR = YES;
				GCC_WARN_UNINITIALIZED_AUTOS = YES_AGGRESSIVE;
				GCC_WARN_UNUSED_FUNCTION = YES;
				GCC_WARN_UNUSED_VARIABLE = YES;
				IPHONEOS_DEPLOYMENT_TARGET = 12.2;
				MTL_ENABLE_DEBUG_INFO = INCLUDE_SOURCE;
				MTL_FAST_MATH = YES;
				ONLY_ACTIVE_ARCH = YES;
				SDKROOT = iphoneos;
				SWIFT_ACTIVE_COMPILATION_CONDITIONS = DEBUG;
				SWIFT_OPTIMIZATION_LEVEL = "-Onone";
			};
			name = Debug;
		};
		C7052D3722D5639100ED10AE /* Release */ = {
			isa = XCBuildConfiguration;
			buildSettings = {
				ALWAYS_SEARCH_USER_PATHS = NO;
				CLANG_ANALYZER_NONNULL = YES;
				CLANG_ANALYZER_NUMBER_OBJECT_CONVERSION = YES_AGGRESSIVE;
				CLANG_CXX_LANGUAGE_STANDARD = "gnu++14";
				CLANG_CXX_LIBRARY = "libc++";
				CLANG_ENABLE_MODULES = YES;
				CLANG_ENABLE_OBJC_ARC = YES;
				CLANG_ENABLE_OBJC_WEAK = YES;
				CLANG_WARN_BLOCK_CAPTURE_AUTORELEASING = YES;
				CLANG_WARN_BOOL_CONVERSION = YES;
				CLANG_WARN_COMMA = YES;
				CLANG_WARN_CONSTANT_CONVERSION = YES;
				CLANG_WARN_DEPRECATED_OBJC_IMPLEMENTATIONS = YES;
				CLANG_WARN_DIRECT_OBJC_ISA_USAGE = YES_ERROR;
				CLANG_WARN_DOCUMENTATION_COMMENTS = YES;
				CLANG_WARN_EMPTY_BODY = YES;
				CLANG_WARN_ENUM_CONVERSION = YES;
				CLANG_WARN_INFINITE_RECURSION = YES;
				CLANG_WARN_INT_CONVERSION = YES;
				CLANG_WARN_NON_LITERAL_NULL_CONVERSION = YES;
				CLANG_WARN_OBJC_IMPLICIT_RETAIN_SELF = YES;
				CLANG_WARN_OBJC_LITERAL_CONVERSION = YES;
				CLANG_WARN_OBJC_ROOT_CLASS = YES_ERROR;
				CLANG_WARN_RANGE_LOOP_ANALYSIS = YES;
				CLANG_WARN_STRICT_PROTOTYPES = YES;
				CLANG_WARN_SUSPICIOUS_MOVE = YES;
				CLANG_WARN_UNGUARDED_AVAILABILITY = YES_AGGRESSIVE;
				CLANG_WARN_UNREACHABLE_CODE = YES;
				CLANG_WARN__DUPLICATE_METHOD_MATCH = YES;
				CODE_SIGN_IDENTITY = "iPhone Developer";
				COPY_PHASE_STRIP = NO;
				DEBUG_INFORMATION_FORMAT = "dwarf-with-dsym";
				ENABLE_NS_ASSERTIONS = NO;
				ENABLE_STRICT_OBJC_MSGSEND = YES;
				GCC_C_LANGUAGE_STANDARD = gnu11;
				GCC_NO_COMMON_BLOCKS = YES;
				GCC_WARN_64_TO_32_BIT_CONVERSION = YES;
				GCC_WARN_ABOUT_RETURN_TYPE = YES_ERROR;
				GCC_WARN_UNDECLARED_SELECTOR = YES;
				GCC_WARN_UNINITIALIZED_AUTOS = YES_AGGRESSIVE;
				GCC_WARN_UNUSED_FUNCTION = YES;
				GCC_WARN_UNUSED_VARIABLE = YES;
				IPHONEOS_DEPLOYMENT_TARGET = 12.2;
				MTL_ENABLE_DEBUG_INFO = NO;
				MTL_FAST_MATH = YES;
				SDKROOT = iphoneos;
				SWIFT_COMPILATION_MODE = wholemodule;
				SWIFT_OPTIMIZATION_LEVEL = "-O";
				VALIDATE_PRODUCT = YES;
			};
			name = Release;
		};
		C7052D3922D5639100ED10AE /* Debug */ = {
			isa = XCBuildConfiguration;
			baseConfigurationReference = 233B4AD69637D0AF3E13EA42 /* Pods-roomy.debug.xcconfig */;
			buildSettings = {
				ASSETCATALOG_COMPILER_APPICON_NAME = AppIcon;
				CODE_SIGN_STYLE = Automatic;
				DEVELOPMENT_TEAM = 4CZ6C6629N;
				INFOPLIST_FILE = "$(SRCROOT)/roomy/Supporting Files/Info.plist";
				LD_RUNPATH_SEARCH_PATHS = (
					"$(inherited)",
					"@executable_path/Frameworks",
				);
				PRODUCT_BUNDLE_IDENTIFIER = n.roomy;
				PRODUCT_NAME = "$(TARGET_NAME)";
				SWIFT_VERSION = 5.0;
				TARGETED_DEVICE_FAMILY = "1,2";
			};
			name = Debug;
		};
		C7052D3A22D5639100ED10AE /* Release */ = {
			isa = XCBuildConfiguration;
			baseConfigurationReference = E0B7866F159930BBBE0A4C1E /* Pods-roomy.release.xcconfig */;
			buildSettings = {
				ASSETCATALOG_COMPILER_APPICON_NAME = AppIcon;
				CODE_SIGN_STYLE = Automatic;
				DEVELOPMENT_TEAM = 4CZ6C6629N;
				INFOPLIST_FILE = "$(SRCROOT)/roomy/Supporting Files/Info.plist";
				LD_RUNPATH_SEARCH_PATHS = (
					"$(inherited)",
					"@executable_path/Frameworks",
				);
				PRODUCT_BUNDLE_IDENTIFIER = n.roomy;
				PRODUCT_NAME = "$(TARGET_NAME)";
				SWIFT_VERSION = 5.0;
				TARGETED_DEVICE_FAMILY = "1,2";
			};
			name = Release;
		};
/* End XCBuildConfiguration section */

/* Begin XCConfigurationList section */
		C7052D2122D5639000ED10AE /* Build configuration list for PBXProject "roomy" */ = {
			isa = XCConfigurationList;
			buildConfigurations = (
				C7052D3622D5639100ED10AE /* Debug */,
				C7052D3722D5639100ED10AE /* Release */,
			);
			defaultConfigurationIsVisible = 0;
			defaultConfigurationName = Release;
		};
		C7052D3822D5639100ED10AE /* Build configuration list for PBXNativeTarget "roomy" */ = {
			isa = XCConfigurationList;
			buildConfigurations = (
				C7052D3922D5639100ED10AE /* Debug */,
				C7052D3A22D5639100ED10AE /* Release */,
			);
			defaultConfigurationIsVisible = 0;
			defaultConfigurationName = Release;
		};
/* End XCConfigurationList section */
	};
	rootObject = C7052D1E22D5639000ED10AE /* Project object */;
}
